<?xml version="1.0" encoding="utf-8"?>
<Project ToolsVersion="4.0" xmlns="http://schemas.microsoft.com/developer/msbuild/2003">
  <ItemGroup>
    <Filter Include="头文件">
      <UniqueIdentifier>{8e4e48f3-0784-4cdd-b1ec-2281e243a2c8}</UniqueIdentifier>
      <Extensions>h;hh;hpp;hxx;hm;inl;inc;xsd</Extensions>
    </Filter>
    <Filter Include="源文件">
      <UniqueIdentifier>{42260899-baec-47f8-b427-ca87a52aae23}</UniqueIdentifier>
      <Extensions>cpp;c;cc;cxx;def;odl;idl;hpj;bat;asm;asmx</Extensions>
    </Filter>
  </ItemGroup>
  <ItemGroup>
    <ClInclude Include="$(MSBuildThisFileDirectory)ChineseNumberUtils.h">
      <Filter>头文件</Filter>
    </ClInclude>
    <ClInclude Include="$(MSBuildThisFileDirectory)DataUtils.h">
      <Filter>头文件</Filter>
    </ClInclude>
    <ClInclude Include="$(MSBuildThisFileDirectory)EndianUtils.h">
      <Filter>头文件</Filter>
    </ClInclude>
    <ClInclude Include="$(MSBuildThisFileDirectory)FileUtils.h">
      <Filter>头文件</Filter>
    </ClInclude>
    <ClInclude Include="$(MSBuildThisFileDirectory)NumberVariant.h">
      <Filter>头文件</Filter>
    </ClInclude>
    <ClInclude Include="$(MSBuildThisFileDirectory)RandomUtils.h">
      <Filter>头文件</Filter>
    </ClInclude>
    <ClInclude Include="$(MSBuildThisFileDirectory)StringConvertUtils.h">
      <Filter>头文件</Filter>
    </ClInclude>
    <ClInclude Include="$(MSBuildThisFileDirectory)UuidUtils.h">
      <Filter>头文件</Filter>
    </ClInclude>
    <ClInclude Include="$(MSBuildThisFileDirectory)XMLUtils.h">
      <Filter>头文件</Filter>
    </ClInclude>
  </ItemGroup>
  <ItemGroup>
    <ClCompile Include="$(MSBuildThisFileDirectory)ChineseNumberUtils.cpp">
      <Filter>源文件</Filter>
    </ClCompile>
    <ClCompile Include="$(MSBuildThisFileDirectory)DataUtils.cpp">
      <Filter>源文件</Filter>
    </ClCompile>
    <ClCompile Include="$(MSBuildThisFileDirectory)DateTimeUtils.cpp">
      <Filter>源文件</Filter>
    </ClCompile>
    <ClCompile Include="$(MSBuildThisFileDirectory)EndianUtils.cpp">
      <Filter>源文件</Filter>
    </ClCompile>
    <ClCompile Include="$(MSBuildThisFileDirectory)FileUtils.cpp">
      <Filter>源文件</Filter>
    </ClCompile>
    <ClCompile Include="$(MSBuildThisFileDirectory)NumberVariant.cpp">
      <Filter>源文件</Filter>
    </ClCompile>
    <ClCompile Include="$(MSBuildThisFileDirectory)RandomUtils.cpp">
      <Filter>源文件</Filter>
    </ClCompile>
    <ClCompile Include="$(MSBuildThisFileDirectory)StringConvertUtils.cpp">
      <Filter>源文件</Filter>
    </ClCompile>
    <ClCompile Include="$(MSBuildThisFileDirectory)StringUtils.cpp">
      <Filter>源文件</Filter>
    </ClCompile>
    <ClCompile Include="$(MSBuildThisFileDirectory)UuidUtils.cpp">
      <Filter>源文件</Filter>
    </ClCompile>
    <ClCompile Include="$(MSBuildThisFileDirectory)XMLUtils.cpp">
      <Filter>源文件</Filter>
    </ClCompile>
  </ItemGroup>
</Project>