
Microsoft Visual Studio Solution File, Format Version 12.00
# Visual Studio Version 16
VisualStudioVersion = 16.0.29509.3
MinimumVisualStudioVersion = 10.0.40219.1
Project("{2150E333-8FDC-42A3-9474-1A3956D46DE8}") = "test", "test", "{84CA58A6-0FFD-43BD-B120-554AC41877C8}"
EndProject
Project("{9A19103F-16F7-4668-BE54-9A1E7A4F7556}") = "SSUtils", "SSUtils\SSUtils.csproj", "{E03FA6C1-FFB5-4BBF-B82E-EA4E62BA25A9}"
EndProject
Project("{9A19103F-16F7-4668-BE54-9A1E7A4F7556}") = "SCASBasic", "SCASBasic\SCASBasic.csproj", "{315E7840-B08E-4018-A951-EAD289BFB606}"
EndProject
Project("{9A19103F-16F7-4668-BE54-9A1E7A4F7556}") = "EntryBlankModule", "EntryBlankModule\EntryBlankModule.csproj", "{BEBCC8C3-15C0-4CFB-9092-6942B94D6CAA}"
EndProject
Project("{9A19103F-16F7-4668-BE54-9A1E7A4F7556}") = "CompetitionConfigurationModule", "CompetitionConfigurationModule\CompetitionConfigurationModule.csproj", "{CCAD52FF-0CD7-48F1-8C3F-8F26F8DCABAF}"
EndProject
Project("{9A19103F-16F7-4668-BE54-9A1E7A4F7556}") = "CompetitionDataModule", "CompetitionDataModule\CompetitionDataModule.csproj", "{C829CBC8-299E-432A-B9B7-EDEC76C7B80F}"
EndProject
Project("{9A19103F-16F7-4668-BE54-9A1E7A4F7556}") = "DocumentGeneratorModule", "DocumentGeneratorModule\DocumentGeneratorModule.csproj", "{47A67DFE-5568-4C1D-B544-F19A1DE0EB32}"
EndProject
Project("{9A19103F-16F7-4668-BE54-9A1E7A4F7556}") = "TestConfigurationModule", "test\TestConfigurationModule\TestConfigurationModule.csproj", "{02CED854-0095-44E7-AFF2-5DA7ED68CF0C}"
EndProject
Project("{9A19103F-16F7-4668-BE54-9A1E7A4F7556}") = "FreshmanCupConfigurationGenerator", "test\FreshmanCupConfigurationGenerator\FreshmanCupConfigurationGenerator.csproj", "{978C1755-0E22-47A2-AB8B-81BB7DC26322}"
EndProject
Project("{9A19103F-16F7-4668-BE54-9A1E7A4F7556}") = "IntercollegeCupConfigurationGenerator", "test\IntercollegeCupConfigurationGenerator\IntercollegeCupConfigurationGenerator.csproj", "{FFB77627-3F3F-4A83-9285-78BFCE3C9C51}"
EndProject
Project("{9A19103F-16F7-4668-BE54-9A1E7A4F7556}") = "TestEntryBlankModule", "test\TestEntryBlankModule\TestEntryBlankModule.csproj", "{FDCB7D92-8779-4738-8549-95E1191D06C9}"
EndProject
Project("{9A19103F-16F7-4668-BE54-9A1E7A4F7556}") = "TestDataModule", "test\TestDataModule\TestDataModule.csproj", "{FE08613C-E9BC-4623-95FB-9BF41FC35C2A}"
EndProject
Project("{9A19103F-16F7-4668-BE54-9A1E7A4F7556}") = "SCAS", "SCAS\SCAS.csproj", "{37B7EA21-C8BE-4C2A-8D30-F0B45B7CE728}"
EndProject
Project("{2150E333-8FDC-42A3-9474-1A3956D46DE8}") = "Domain", "Domain", "{C0F38DFE-38EA-4F1C-A5EA-80FD985F3A96}"
EndProject
Project("{9A19103F-16F7-4668-BE54-9A1E7A4F7556}") = "ParticipantDomain", "Domain\ParticipantDomain\ParticipantDomain.csproj", "{B3C90B34-C88D-4F75-B66C-3001BBD8C93A}"
EndProject
Project("{9A19103F-16F7-4668-BE54-9A1E7A4F7556}") = "GradeDomain", "Domain\GradeDomain\GradeDomain.csproj", "{CCAA4F00-6E65-4448-9FF4-769BF02766B6}"
EndProject
Project("{9A19103F-16F7-4668-BE54-9A1E7A4F7556}") = "RecordDomain", "Domain\RecordDomain\RecordDomain.csproj", "{B933F97E-55D2-4525-B3A3-5E369E44FF23}"
EndProject
Project("{9A19103F-16F7-4668-BE54-9A1E7A4F7556}") = "CompetitionDomain", "Domain\CompetitionDomain\CompetitionDomain.csproj", "{0CEC2285-4938-4AD9-9B2A-DFE320DC653E}"
EndProject
Project("{9A19103F-16F7-4668-BE54-9A1E7A4F7556}") = "UniversalComponent", "Domain\UniversalComponent\UniversalComponent.csproj", "{66496B4C-5D52-44F3-9E1F-4B7A1D40068B}"
EndProject
Project("{9A19103F-16F7-4668-BE54-9A1E7A4F7556}") = "ApplicationDomain", "Domain\ApplicationDomain\ApplicationDomain.csproj", "{ED1E6C95-3D5A-47B4-8921-B5D01EA87720}"
EndProject
Project("{9A19103F-16F7-4668-BE54-9A1E7A4F7556}") = "EventDomain", "Domain\EventDomain\EventDomain.csproj", "{9201795F-EE80-4885-BA89-DE4042CF94A5}"
EndProject
Project("{9A19103F-16F7-4668-BE54-9A1E7A4F7556}") = "ProgramDomain", "Domain\ProgramDomain\ProgramDomain.csproj", "{1DEBFA12-04B3-4047-BD8A-EA7848EB48A9}"
EndProject
Project("{9A19103F-16F7-4668-BE54-9A1E7A4F7556}") = "AnnouncementDomain", "Domain\AnnouncementDomain\AnnouncementDomain.csproj", "{453A22B2-3041-462D-A23C-22A4794F12F4}"
EndProject
Project("{9A19103F-16F7-4668-BE54-9A1E7A4F7556}") = "UserDomain", "Domain\UserDomain\UserDomain.csproj", "{AA44C5B3-EE91-4403-9CD8-108EB776004C}"
EndProject
Project("{FAE04EC0-301F-11D3-BF4B-00C04F79EFBC}") = "SeriesDomain", "Domain\SeriesDomain\SeriesDomain.csproj", "{DFC9CD3E-6B52-4894-B51B-2572EE5F11C9}"
EndProject
Global
	GlobalSection(SolutionConfigurationPlatforms) = preSolution
		Debug|Any CPU = Debug|Any CPU
		Debug|ARM = Debug|ARM
		Debug|x64 = Debug|x64
		Debug|x86 = Debug|x86
		Release|Any CPU = Release|Any CPU
		Release|ARM = Release|ARM
		Release|x64 = Release|x64
		Release|x86 = Release|x86
	EndGlobalSection
	GlobalSection(ProjectConfigurationPlatforms) = postSolution
		{E03FA6C1-FFB5-4BBF-B82E-EA4E62BA25A9}.Debug|Any CPU.ActiveCfg = Debug|Any CPU
		{E03FA6C1-FFB5-4BBF-B82E-EA4E62BA25A9}.Debug|Any CPU.Build.0 = Debug|Any CPU
		{E03FA6C1-FFB5-4BBF-B82E-EA4E62BA25A9}.Debug|ARM.ActiveCfg = Debug|Any CPU
		{E03FA6C1-FFB5-4BBF-B82E-EA4E62BA25A9}.Debug|ARM.Build.0 = Debug|Any CPU
		{E03FA6C1-FFB5-4BBF-B82E-EA4E62BA25A9}.Debug|x64.ActiveCfg = Debug|Any CPU
		{E03FA6C1-FFB5-4BBF-B82E-EA4E62BA25A9}.Debug|x64.Build.0 = Debug|Any CPU
		{E03FA6C1-FFB5-4BBF-B82E-EA4E62BA25A9}.Debug|x86.ActiveCfg = Debug|Any CPU
		{E03FA6C1-FFB5-4BBF-B82E-EA4E62BA25A9}.Debug|x86.Build.0 = Debug|Any CPU
		{E03FA6C1-FFB5-4BBF-B82E-EA4E62BA25A9}.Release|Any CPU.ActiveCfg = Release|Any CPU
		{E03FA6C1-FFB5-4BBF-B82E-EA4E62BA25A9}.Release|Any CPU.Build.0 = Release|Any CPU
		{E03FA6C1-FFB5-4BBF-B82E-EA4E62BA25A9}.Release|ARM.ActiveCfg = Release|Any CPU
		{E03FA6C1-FFB5-4BBF-B82E-EA4E62BA25A9}.Release|ARM.Build.0 = Release|Any CPU
		{E03FA6C1-FFB5-4BBF-B82E-EA4E62BA25A9}.Release|x64.ActiveCfg = Release|Any CPU
		{E03FA6C1-FFB5-4BBF-B82E-EA4E62BA25A9}.Release|x64.Build.0 = Release|Any CPU
		{E03FA6C1-FFB5-4BBF-B82E-EA4E62BA25A9}.Release|x86.ActiveCfg = Release|Any CPU
		{E03FA6C1-FFB5-4BBF-B82E-EA4E62BA25A9}.Release|x86.Build.0 = Release|Any CPU
		{315E7840-B08E-4018-A951-EAD289BFB606}.Debug|Any CPU.ActiveCfg = Debug|Any CPU
		{315E7840-B08E-4018-A951-EAD289BFB606}.Debug|Any CPU.Build.0 = Debug|Any CPU
		{315E7840-B08E-4018-A951-EAD289BFB606}.Debug|ARM.ActiveCfg = Debug|Any CPU
		{315E7840-B08E-4018-A951-EAD289BFB606}.Debug|ARM.Build.0 = Debug|Any CPU
		{315E7840-B08E-4018-A951-EAD289BFB606}.Debug|x64.ActiveCfg = Debug|Any CPU
		{315E7840-B08E-4018-A951-EAD289BFB606}.Debug|x64.Build.0 = Debug|Any CPU
		{315E7840-B08E-4018-A951-EAD289BFB606}.Debug|x86.ActiveCfg = Debug|Any CPU
		{315E7840-B08E-4018-A951-EAD289BFB606}.Debug|x86.Build.0 = Debug|Any CPU
		{315E7840-B08E-4018-A951-EAD289BFB606}.Release|Any CPU.ActiveCfg = Release|Any CPU
		{315E7840-B08E-4018-A951-EAD289BFB606}.Release|Any CPU.Build.0 = Release|Any CPU
		{315E7840-B08E-4018-A951-EAD289BFB606}.Release|ARM.ActiveCfg = Release|Any CPU
		{315E7840-B08E-4018-A951-EAD289BFB606}.Release|ARM.Build.0 = Release|Any CPU
		{315E7840-B08E-4018-A951-EAD289BFB606}.Release|x64.ActiveCfg = Release|Any CPU
		{315E7840-B08E-4018-A951-EAD289BFB606}.Release|x64.Build.0 = Release|Any CPU
		{315E7840-B08E-4018-A951-EAD289BFB606}.Release|x86.ActiveCfg = Release|Any CPU
		{315E7840-B08E-4018-A951-EAD289BFB606}.Release|x86.Build.0 = Release|Any CPU
		{BEBCC8C3-15C0-4CFB-9092-6942B94D6CAA}.Debug|Any CPU.ActiveCfg = Debug|Any CPU
		{BEBCC8C3-15C0-4CFB-9092-6942B94D6CAA}.Debug|Any CPU.Build.0 = Debug|Any CPU
		{BEBCC8C3-15C0-4CFB-9092-6942B94D6CAA}.Debug|ARM.ActiveCfg = Debug|Any CPU
		{BEBCC8C3-15C0-4CFB-9092-6942B94D6CAA}.Debug|ARM.Build.0 = Debug|Any CPU
		{BEBCC8C3-15C0-4CFB-9092-6942B94D6CAA}.Debug|x64.ActiveCfg = Debug|Any CPU
		{BEBCC8C3-15C0-4CFB-9092-6942B94D6CAA}.Debug|x64.Build.0 = Debug|Any CPU
		{BEBCC8C3-15C0-4CFB-9092-6942B94D6CAA}.Debug|x86.ActiveCfg = Debug|Any CPU
		{BEBCC8C3-15C0-4CFB-9092-6942B94D6CAA}.Debug|x86.Build.0 = Debug|Any CPU
		{BEBCC8C3-15C0-4CFB-9092-6942B94D6CAA}.Release|Any CPU.ActiveCfg = Release|Any CPU
		{BEBCC8C3-15C0-4CFB-9092-6942B94D6CAA}.Release|Any CPU.Build.0 = Release|Any CPU
		{BEBCC8C3-15C0-4CFB-9092-6942B94D6CAA}.Release|ARM.ActiveCfg = Release|Any CPU
		{BEBCC8C3-15C0-4CFB-9092-6942B94D6CAA}.Release|ARM.Build.0 = Release|Any CPU
		{BEBCC8C3-15C0-4CFB-9092-6942B94D6CAA}.Release|x64.ActiveCfg = Release|Any CPU
		{BEBCC8C3-15C0-4CFB-9092-6942B94D6CAA}.Release|x64.Build.0 = Release|Any CPU
		{BEBCC8C3-15C0-4CFB-9092-6942B94D6CAA}.Release|x86.ActiveCfg = Release|Any CPU
		{BEBCC8C3-15C0-4CFB-9092-6942B94D6CAA}.Release|x86.Build.0 = Release|Any CPU
		{CCAD52FF-0CD7-48F1-8C3F-8F26F8DCABAF}.Debug|Any CPU.ActiveCfg = Debug|Any CPU
		{CCAD52FF-0CD7-48F1-8C3F-8F26F8DCABAF}.Debug|Any CPU.Build.0 = Debug|Any CPU
		{CCAD52FF-0CD7-48F1-8C3F-8F26F8DCABAF}.Debug|ARM.ActiveCfg = Debug|Any CPU
		{CCAD52FF-0CD7-48F1-8C3F-8F26F8DCABAF}.Debug|ARM.Build.0 = Debug|Any CPU
		{CCAD52FF-0CD7-48F1-8C3F-8F26F8DCABAF}.Debug|x64.ActiveCfg = Debug|Any CPU
		{CCAD52FF-0CD7-48F1-8C3F-8F26F8DCABAF}.Debug|x64.Build.0 = Debug|Any CPU
		{CCAD52FF-0CD7-48F1-8C3F-8F26F8DCABAF}.Debug|x86.ActiveCfg = Debug|Any CPU
		{CCAD52FF-0CD7-48F1-8C3F-8F26F8DCABAF}.Debug|x86.Build.0 = Debug|Any CPU
		{CCAD52FF-0CD7-48F1-8C3F-8F26F8DCABAF}.Release|Any CPU.ActiveCfg = Release|Any CPU
		{CCAD52FF-0CD7-48F1-8C3F-8F26F8DCABAF}.Release|Any CPU.Build.0 = Release|Any CPU
		{CCAD52FF-0CD7-48F1-8C3F-8F26F8DCABAF}.Release|ARM.ActiveCfg = Release|Any CPU
		{CCAD52FF-0CD7-48F1-8C3F-8F26F8DCABAF}.Release|ARM.Build.0 = Release|Any CPU
		{CCAD52FF-0CD7-48F1-8C3F-8F26F8DCABAF}.Release|x64.ActiveCfg = Release|Any CPU
		{CCAD52FF-0CD7-48F1-8C3F-8F26F8DCABAF}.Release|x64.Build.0 = Release|Any CPU
		{CCAD52FF-0CD7-48F1-8C3F-8F26F8DCABAF}.Release|x86.ActiveCfg = Release|Any CPU
		{CCAD52FF-0CD7-48F1-8C3F-8F26F8DCABAF}.Release|x86.Build.0 = Release|Any CPU
		{C829CBC8-299E-432A-B9B7-EDEC76C7B80F}.Debug|Any CPU.ActiveCfg = Debug|Any CPU
		{C829CBC8-299E-432A-B9B7-EDEC76C7B80F}.Debug|Any CPU.Build.0 = Debug|Any CPU
		{C829CBC8-299E-432A-B9B7-EDEC76C7B80F}.Debug|ARM.ActiveCfg = Debug|Any CPU
		{C829CBC8-299E-432A-B9B7-EDEC76C7B80F}.Debug|ARM.Build.0 = Debug|Any CPU
		{C829CBC8-299E-432A-B9B7-EDEC76C7B80F}.Debug|x64.ActiveCfg = Debug|Any CPU
		{C829CBC8-299E-432A-B9B7-EDEC76C7B80F}.Debug|x64.Build.0 = Debug|Any CPU
		{C829CBC8-299E-432A-B9B7-EDEC76C7B80F}.Debug|x86.ActiveCfg = Debug|Any CPU
		{C829CBC8-299E-432A-B9B7-EDEC76C7B80F}.Debug|x86.Build.0 = Debug|Any CPU
		{C829CBC8-299E-432A-B9B7-EDEC76C7B80F}.Release|Any CPU.ActiveCfg = Release|Any CPU
		{C829CBC8-299E-432A-B9B7-EDEC76C7B80F}.Release|Any CPU.Build.0 = Release|Any CPU
		{C829CBC8-299E-432A-B9B7-EDEC76C7B80F}.Release|ARM.ActiveCfg = Release|Any CPU
		{C829CBC8-299E-432A-B9B7-EDEC76C7B80F}.Release|ARM.Build.0 = Release|Any CPU
		{C829CBC8-299E-432A-B9B7-EDEC76C7B80F}.Release|x64.ActiveCfg = Release|Any CPU
		{C829CBC8-299E-432A-B9B7-EDEC76C7B80F}.Release|x64.Build.0 = Release|Any CPU
		{C829CBC8-299E-432A-B9B7-EDEC76C7B80F}.Release|x86.ActiveCfg = Release|Any CPU
		{C829CBC8-299E-432A-B9B7-EDEC76C7B80F}.Release|x86.Build.0 = Release|Any CPU
		{47A67DFE-5568-4C1D-B544-F19A1DE0EB32}.Debug|Any CPU.ActiveCfg = Debug|Any CPU
		{47A67DFE-5568-4C1D-B544-F19A1DE0EB32}.Debug|Any CPU.Build.0 = Debug|Any CPU
		{47A67DFE-5568-4C1D-B544-F19A1DE0EB32}.Debug|ARM.ActiveCfg = Debug|Any CPU
		{47A67DFE-5568-4C1D-B544-F19A1DE0EB32}.Debug|ARM.Build.0 = Debug|Any CPU
		{47A67DFE-5568-4C1D-B544-F19A1DE0EB32}.Debug|x64.ActiveCfg = Debug|Any CPU
		{47A67DFE-5568-4C1D-B544-F19A1DE0EB32}.Debug|x64.Build.0 = Debug|Any CPU
		{47A67DFE-5568-4C1D-B544-F19A1DE0EB32}.Debug|x86.ActiveCfg = Debug|Any CPU
		{47A67DFE-5568-4C1D-B544-F19A1DE0EB32}.Debug|x86.Build.0 = Debug|Any CPU
		{47A67DFE-5568-4C1D-B544-F19A1DE0EB32}.Release|Any CPU.ActiveCfg = Release|Any CPU
		{47A67DFE-5568-4C1D-B544-F19A1DE0EB32}.Release|Any CPU.Build.0 = Release|Any CPU
		{47A67DFE-5568-4C1D-B544-F19A1DE0EB32}.Release|ARM.ActiveCfg = Release|Any CPU
		{47A67DFE-5568-4C1D-B544-F19A1DE0EB32}.Release|ARM.Build.0 = Release|Any CPU
		{47A67DFE-5568-4C1D-B544-F19A1DE0EB32}.Release|x64.ActiveCfg = Release|Any CPU
		{47A67DFE-5568-4C1D-B544-F19A1DE0EB32}.Release|x64.Build.0 = Release|Any CPU
		{47A67DFE-5568-4C1D-B544-F19A1DE0EB32}.Release|x86.ActiveCfg = Release|Any CPU
		{47A67DFE-5568-4C1D-B544-F19A1DE0EB32}.Release|x86.Build.0 = Release|Any CPU
		{02CED854-0095-44E7-AFF2-5DA7ED68CF0C}.Debug|Any CPU.ActiveCfg = Debug|Any CPU
		{02CED854-0095-44E7-AFF2-5DA7ED68CF0C}.Debug|Any CPU.Build.0 = Debug|Any CPU
		{02CED854-0095-44E7-AFF2-5DA7ED68CF0C}.Debug|ARM.ActiveCfg = Debug|Any CPU
		{02CED854-0095-44E7-AFF2-5DA7ED68CF0C}.Debug|ARM.Build.0 = Debug|Any CPU
		{02CED854-0095-44E7-AFF2-5DA7ED68CF0C}.Debug|x64.ActiveCfg = Debug|Any CPU
		{02CED854-0095-44E7-AFF2-5DA7ED68CF0C}.Debug|x64.Build.0 = Debug|Any CPU
		{02CED854-0095-44E7-AFF2-5DA7ED68CF0C}.Debug|x86.ActiveCfg = Debug|Any CPU
		{02CED854-0095-44E7-AFF2-5DA7ED68CF0C}.Debug|x86.Build.0 = Debug|Any CPU
		{02CED854-0095-44E7-AFF2-5DA7ED68CF0C}.Release|Any CPU.ActiveCfg = Release|Any CPU
		{02CED854-0095-44E7-AFF2-5DA7ED68CF0C}.Release|Any CPU.Build.0 = Release|Any CPU
		{02CED854-0095-44E7-AFF2-5DA7ED68CF0C}.Release|ARM.ActiveCfg = Release|Any CPU
		{02CED854-0095-44E7-AFF2-5DA7ED68CF0C}.Release|ARM.Build.0 = Release|Any CPU
		{02CED854-0095-44E7-AFF2-5DA7ED68CF0C}.Release|x64.ActiveCfg = Release|Any CPU
		{02CED854-0095-44E7-AFF2-5DA7ED68CF0C}.Release|x64.Build.0 = Release|Any CPU
		{02CED854-0095-44E7-AFF2-5DA7ED68CF0C}.Release|x86.ActiveCfg = Release|Any CPU
		{02CED854-0095-44E7-AFF2-5DA7ED68CF0C}.Release|x86.Build.0 = Release|Any CPU
		{978C1755-0E22-47A2-AB8B-81BB7DC26322}.Debug|Any CPU.ActiveCfg = Debug|Any CPU
		{978C1755-0E22-47A2-AB8B-81BB7DC26322}.Debug|Any CPU.Build.0 = Debug|Any CPU
		{978C1755-0E22-47A2-AB8B-81BB7DC26322}.Debug|ARM.ActiveCfg = Debug|Any CPU
		{978C1755-0E22-47A2-AB8B-81BB7DC26322}.Debug|ARM.Build.0 = Debug|Any CPU
		{978C1755-0E22-47A2-AB8B-81BB7DC26322}.Debug|x64.ActiveCfg = Debug|Any CPU
		{978C1755-0E22-47A2-AB8B-81BB7DC26322}.Debug|x64.Build.0 = Debug|Any CPU
		{978C1755-0E22-47A2-AB8B-81BB7DC26322}.Debug|x86.ActiveCfg = Debug|Any CPU
		{978C1755-0E22-47A2-AB8B-81BB7DC26322}.Debug|x86.Build.0 = Debug|Any CPU
		{978C1755-0E22-47A2-AB8B-81BB7DC26322}.Release|Any CPU.ActiveCfg = Release|Any CPU
		{978C1755-0E22-47A2-AB8B-81BB7DC26322}.Release|Any CPU.Build.0 = Release|Any CPU
		{978C1755-0E22-47A2-AB8B-81BB7DC26322}.Release|ARM.ActiveCfg = Release|Any CPU
		{978C1755-0E22-47A2-AB8B-81BB7DC26322}.Release|ARM.Build.0 = Release|Any CPU
		{978C1755-0E22-47A2-AB8B-81BB7DC26322}.Release|x64.ActiveCfg = Release|Any CPU
		{978C1755-0E22-47A2-AB8B-81BB7DC26322}.Release|x64.Build.0 = Release|Any CPU
		{978C1755-0E22-47A2-AB8B-81BB7DC26322}.Release|x86.ActiveCfg = Release|Any CPU
		{978C1755-0E22-47A2-AB8B-81BB7DC26322}.Release|x86.Build.0 = Release|Any CPU
		{FFB77627-3F3F-4A83-9285-78BFCE3C9C51}.Debug|Any CPU.ActiveCfg = Debug|Any CPU
		{FFB77627-3F3F-4A83-9285-78BFCE3C9C51}.Debug|Any CPU.Build.0 = Debug|Any CPU
		{FFB77627-3F3F-4A83-9285-78BFCE3C9C51}.Debug|ARM.ActiveCfg = Debug|Any CPU
		{FFB77627-3F3F-4A83-9285-78BFCE3C9C51}.Debug|ARM.Build.0 = Debug|Any CPU
		{FFB77627-3F3F-4A83-9285-78BFCE3C9C51}.Debug|x64.ActiveCfg = Debug|Any CPU
		{FFB77627-3F3F-4A83-9285-78BFCE3C9C51}.Debug|x64.Build.0 = Debug|Any CPU
		{FFB77627-3F3F-4A83-9285-78BFCE3C9C51}.Debug|x86.ActiveCfg = Debug|Any CPU
		{FFB77627-3F3F-4A83-9285-78BFCE3C9C51}.Debug|x86.Build.0 = Debug|Any CPU
		{FFB77627-3F3F-4A83-9285-78BFCE3C9C51}.Release|Any CPU.ActiveCfg = Release|Any CPU
		{FFB77627-3F3F-4A83-9285-78BFCE3C9C51}.Release|Any CPU.Build.0 = Release|Any CPU
		{FFB77627-3F3F-4A83-9285-78BFCE3C9C51}.Release|ARM.ActiveCfg = Release|Any CPU
		{FFB77627-3F3F-4A83-9285-78BFCE3C9C51}.Release|ARM.Build.0 = Release|Any CPU
		{FFB77627-3F3F-4A83-9285-78BFCE3C9C51}.Release|x64.ActiveCfg = Release|Any CPU
		{FFB77627-3F3F-4A83-9285-78BFCE3C9C51}.Release|x64.Build.0 = Release|Any CPU
		{FFB77627-3F3F-4A83-9285-78BFCE3C9C51}.Release|x86.ActiveCfg = Release|Any CPU
		{FFB77627-3F3F-4A83-9285-78BFCE3C9C51}.Release|x86.Build.0 = Release|Any CPU
		{FDCB7D92-8779-4738-8549-95E1191D06C9}.Debug|Any CPU.ActiveCfg = Debug|Any CPU
		{FDCB7D92-8779-4738-8549-95E1191D06C9}.Debug|Any CPU.Build.0 = Debug|Any CPU
		{FDCB7D92-8779-4738-8549-95E1191D06C9}.Debug|ARM.ActiveCfg = Debug|Any CPU
		{FDCB7D92-8779-4738-8549-95E1191D06C9}.Debug|ARM.Build.0 = Debug|Any CPU
		{FDCB7D92-8779-4738-8549-95E1191D06C9}.Debug|x64.ActiveCfg = Debug|Any CPU
		{FDCB7D92-8779-4738-8549-95E1191D06C9}.Debug|x64.Build.0 = Debug|Any CPU
		{FDCB7D92-8779-4738-8549-95E1191D06C9}.Debug|x86.ActiveCfg = Debug|Any CPU
		{FDCB7D92-8779-4738-8549-95E1191D06C9}.Debug|x86.Build.0 = Debug|Any CPU
		{FDCB7D92-8779-4738-8549-95E1191D06C9}.Release|Any CPU.ActiveCfg = Release|Any CPU
		{FDCB7D92-8779-4738-8549-95E1191D06C9}.Release|Any CPU.Build.0 = Release|Any CPU
		{FDCB7D92-8779-4738-8549-95E1191D06C9}.Release|ARM.ActiveCfg = Release|Any CPU
		{FDCB7D92-8779-4738-8549-95E1191D06C9}.Release|ARM.Build.0 = Release|Any CPU
		{FDCB7D92-8779-4738-8549-95E1191D06C9}.Release|x64.ActiveCfg = Release|Any CPU
		{FDCB7D92-8779-4738-8549-95E1191D06C9}.Release|x64.Build.0 = Release|Any CPU
		{FDCB7D92-8779-4738-8549-95E1191D06C9}.Release|x86.ActiveCfg = Release|Any CPU
		{FDCB7D92-8779-4738-8549-95E1191D06C9}.Release|x86.Build.0 = Release|Any CPU
		{FE08613C-E9BC-4623-95FB-9BF41FC35C2A}.Debug|Any CPU.ActiveCfg = Debug|Any CPU
		{FE08613C-E9BC-4623-95FB-9BF41FC35C2A}.Debug|Any CPU.Build.0 = Debug|Any CPU
		{FE08613C-E9BC-4623-95FB-9BF41FC35C2A}.Debug|ARM.ActiveCfg = Debug|Any CPU
		{FE08613C-E9BC-4623-95FB-9BF41FC35C2A}.Debug|ARM.Build.0 = Debug|Any CPU
		{FE08613C-E9BC-4623-95FB-9BF41FC35C2A}.Debug|x64.ActiveCfg = Debug|Any CPU
		{FE08613C-E9BC-4623-95FB-9BF41FC35C2A}.Debug|x64.Build.0 = Debug|Any CPU
		{FE08613C-E9BC-4623-95FB-9BF41FC35C2A}.Debug|x86.ActiveCfg = Debug|Any CPU
		{FE08613C-E9BC-4623-95FB-9BF41FC35C2A}.Debug|x86.Build.0 = Debug|Any CPU
		{FE08613C-E9BC-4623-95FB-9BF41FC35C2A}.Release|Any CPU.ActiveCfg = Release|Any CPU
		{FE08613C-E9BC-4623-95FB-9BF41FC35C2A}.Release|Any CPU.Build.0 = Release|Any CPU
		{FE08613C-E9BC-4623-95FB-9BF41FC35C2A}.Release|ARM.ActiveCfg = Release|Any CPU
		{FE08613C-E9BC-4623-95FB-9BF41FC35C2A}.Release|ARM.Build.0 = Release|Any CPU
		{FE08613C-E9BC-4623-95FB-9BF41FC35C2A}.Release|x64.ActiveCfg = Release|Any CPU
		{FE08613C-E9BC-4623-95FB-9BF41FC35C2A}.Release|x64.Build.0 = Release|Any CPU
		{FE08613C-E9BC-4623-95FB-9BF41FC35C2A}.Release|x86.ActiveCfg = Release|Any CPU
		{FE08613C-E9BC-4623-95FB-9BF41FC35C2A}.Release|x86.Build.0 = Release|Any CPU
		{37B7EA21-C8BE-4C2A-8D30-F0B45B7CE728}.Debug|Any CPU.ActiveCfg = Debug|Any CPU
		{37B7EA21-C8BE-4C2A-8D30-F0B45B7CE728}.Debug|Any CPU.Build.0 = Debug|Any CPU
		{37B7EA21-C8BE-4C2A-8D30-F0B45B7CE728}.Debug|ARM.ActiveCfg = Debug|Any CPU
		{37B7EA21-C8BE-4C2A-8D30-F0B45B7CE728}.Debug|ARM.Build.0 = Debug|Any CPU
		{37B7EA21-C8BE-4C2A-8D30-F0B45B7CE728}.Debug|x64.ActiveCfg = Debug|Any CPU
		{37B7EA21-C8BE-4C2A-8D30-F0B45B7CE728}.Debug|x64.Build.0 = Debug|Any CPU
		{37B7EA21-C8BE-4C2A-8D30-F0B45B7CE728}.Debug|x86.ActiveCfg = Debug|Any CPU
		{37B7EA21-C8BE-4C2A-8D30-F0B45B7CE728}.Debug|x86.Build.0 = Debug|Any CPU
		{37B7EA21-C8BE-4C2A-8D30-F0B45B7CE728}.Release|Any CPU.ActiveCfg = Release|Any CPU
		{37B7EA21-C8BE-4C2A-8D30-F0B45B7CE728}.Release|Any CPU.Build.0 = Release|Any CPU
		{37B7EA21-C8BE-4C2A-8D30-F0B45B7CE728}.Release|ARM.ActiveCfg = Release|Any CPU
		{37B7EA21-C8BE-4C2A-8D30-F0B45B7CE728}.Release|ARM.Build.0 = Release|Any CPU
		{37B7EA21-C8BE-4C2A-8D30-F0B45B7CE728}.Release|x64.ActiveCfg = Release|Any CPU
		{37B7EA21-C8BE-4C2A-8D30-F0B45B7CE728}.Release|x64.Build.0 = Release|Any CPU
		{37B7EA21-C8BE-4C2A-8D30-F0B45B7CE728}.Release|x86.ActiveCfg = Release|Any CPU
		{37B7EA21-C8BE-4C2A-8D30-F0B45B7CE728}.Release|x86.Build.0 = Release|Any CPU
		{B3C90B34-C88D-4F75-B66C-3001BBD8C93A}.Debug|Any CPU.ActiveCfg = Debug|Any CPU
		{B3C90B34-C88D-4F75-B66C-3001BBD8C93A}.Debug|Any CPU.Build.0 = Debug|Any CPU
		{B3C90B34-C88D-4F75-B66C-3001BBD8C93A}.Debug|ARM.ActiveCfg = Debug|Any CPU
		{B3C90B34-C88D-4F75-B66C-3001BBD8C93A}.Debug|ARM.Build.0 = Debug|Any CPU
		{B3C90B34-C88D-4F75-B66C-3001BBD8C93A}.Debug|x64.ActiveCfg = Debug|Any CPU
		{B3C90B34-C88D-4F75-B66C-3001BBD8C93A}.Debug|x64.Build.0 = Debug|Any CPU
		{B3C90B34-C88D-4F75-B66C-3001BBD8C93A}.Debug|x86.ActiveCfg = Debug|Any CPU
		{B3C90B34-C88D-4F75-B66C-3001BBD8C93A}.Debug|x86.Build.0 = Debug|Any CPU
		{B3C90B34-C88D-4F75-B66C-3001BBD8C93A}.Release|Any CPU.ActiveCfg = Release|Any CPU
		{B3C90B34-C88D-4F75-B66C-3001BBD8C93A}.Release|Any CPU.Build.0 = Release|Any CPU
		{B3C90B34-C88D-4F75-B66C-3001BBD8C93A}.Release|ARM.ActiveCfg = Release|Any CPU
		{B3C90B34-C88D-4F75-B66C-3001BBD8C93A}.Release|ARM.Build.0 = Release|Any CPU
		{B3C90B34-C88D-4F75-B66C-3001BBD8C93A}.Release|x64.ActiveCfg = Release|Any CPU
		{B3C90B34-C88D-4F75-B66C-3001BBD8C93A}.Release|x64.Build.0 = Release|Any CPU
		{B3C90B34-C88D-4F75-B66C-3001BBD8C93A}.Release|x86.ActiveCfg = Release|Any CPU
		{B3C90B34-C88D-4F75-B66C-3001BBD8C93A}.Release|x86.Build.0 = Release|Any CPU
		{CCAA4F00-6E65-4448-9FF4-769BF02766B6}.Debug|Any CPU.ActiveCfg = Debug|Any CPU
		{CCAA4F00-6E65-4448-9FF4-769BF02766B6}.Debug|Any CPU.Build.0 = Debug|Any CPU
		{CCAA4F00-6E65-4448-9FF4-769BF02766B6}.Debug|ARM.ActiveCfg = Debug|Any CPU
		{CCAA4F00-6E65-4448-9FF4-769BF02766B6}.Debug|ARM.Build.0 = Debug|Any CPU
		{CCAA4F00-6E65-4448-9FF4-769BF02766B6}.Debug|x64.ActiveCfg = Debug|Any CPU
		{CCAA4F00-6E65-4448-9FF4-769BF02766B6}.Debug|x64.Build.0 = Debug|Any CPU
		{CCAA4F00-6E65-4448-9FF4-769BF02766B6}.Debug|x86.ActiveCfg = Debug|Any CPU
		{CCAA4F00-6E65-4448-9FF4-769BF02766B6}.Debug|x86.Build.0 = Debug|Any CPU
		{CCAA4F00-6E65-4448-9FF4-769BF02766B6}.Release|Any CPU.ActiveCfg = Release|Any CPU
		{CCAA4F00-6E65-4448-9FF4-769BF02766B6}.Release|Any CPU.Build.0 = Release|Any CPU
		{CCAA4F00-6E65-4448-9FF4-769BF02766B6}.Release|ARM.ActiveCfg = Release|Any CPU
		{CCAA4F00-6E65-4448-9FF4-769BF02766B6}.Release|ARM.Build.0 = Release|Any CPU
		{CCAA4F00-6E65-4448-9FF4-769BF02766B6}.Release|x64.ActiveCfg = Release|Any CPU
		{CCAA4F00-6E65-4448-9FF4-769BF02766B6}.Release|x64.Build.0 = Release|Any CPU
		{CCAA4F00-6E65-4448-9FF4-769BF02766B6}.Release|x86.ActiveCfg = Release|Any CPU
		{CCAA4F00-6E65-4448-9FF4-769BF02766B6}.Release|x86.Build.0 = Release|Any CPU
		{B933F97E-55D2-4525-B3A3-5E369E44FF23}.Debug|Any CPU.ActiveCfg = Debug|Any CPU
		{B933F97E-55D2-4525-B3A3-5E369E44FF23}.Debug|Any CPU.Build.0 = Debug|Any CPU
		{B933F97E-55D2-4525-B3A3-5E369E44FF23}.Debug|ARM.ActiveCfg = Debug|Any CPU
		{B933F97E-55D2-4525-B3A3-5E369E44FF23}.Debug|ARM.Build.0 = Debug|Any CPU
		{B933F97E-55D2-4525-B3A3-5E369E44FF23}.Debug|x64.ActiveCfg = Debug|Any CPU
		{B933F97E-55D2-4525-B3A3-5E369E44FF23}.Debug|x64.Build.0 = Debug|Any CPU
		{B933F97E-55D2-4525-B3A3-5E369E44FF23}.Debug|x86.ActiveCfg = Debug|Any CPU
		{B933F97E-55D2-4525-B3A3-5E369E44FF23}.Debug|x86.Build.0 = Debug|Any CPU
		{B933F97E-55D2-4525-B3A3-5E369E44FF23}.Release|Any CPU.ActiveCfg = Release|Any CPU
		{B933F97E-55D2-4525-B3A3-5E369E44FF23}.Release|Any CPU.Build.0 = Release|Any CPU
		{B933F97E-55D2-4525-B3A3-5E369E44FF23}.Release|ARM.ActiveCfg = Release|Any CPU
		{B933F97E-55D2-4525-B3A3-5E369E44FF23}.Release|ARM.Build.0 = Release|Any CPU
		{B933F97E-55D2-4525-B3A3-5E369E44FF23}.Release|x64.ActiveCfg = Release|Any CPU
		{B933F97E-55D2-4525-B3A3-5E369E44FF23}.Release|x64.Build.0 = Release|Any CPU
		{B933F97E-55D2-4525-B3A3-5E369E44FF23}.Release|x86.ActiveCfg = Release|Any CPU
		{B933F97E-55D2-4525-B3A3-5E369E44FF23}.Release|x86.Build.0 = Release|Any CPU
		{0CEC2285-4938-4AD9-9B2A-DFE320DC653E}.Debug|Any CPU.ActiveCfg = Debug|Any CPU
		{0CEC2285-4938-4AD9-9B2A-DFE320DC653E}.Debug|Any CPU.Build.0 = Debug|Any CPU
		{0CEC2285-4938-4AD9-9B2A-DFE320DC653E}.Debug|ARM.ActiveCfg = Debug|Any CPU
		{0CEC2285-4938-4AD9-9B2A-DFE320DC653E}.Debug|ARM.Build.0 = Debug|Any CPU
		{0CEC2285-4938-4AD9-9B2A-DFE320DC653E}.Debug|x64.ActiveCfg = Debug|Any CPU
		{0CEC2285-4938-4AD9-9B2A-DFE320DC653E}.Debug|x64.Build.0 = Debug|Any CPU
		{0CEC2285-4938-4AD9-9B2A-DFE320DC653E}.Debug|x86.ActiveCfg = Debug|Any CPU
		{0CEC2285-4938-4AD9-9B2A-DFE320DC653E}.Debug|x86.Build.0 = Debug|Any CPU
		{0CEC2285-4938-4AD9-9B2A-DFE320DC653E}.Release|Any CPU.ActiveCfg = Release|Any CPU
		{0CEC2285-4938-4AD9-9B2A-DFE320DC653E}.Release|Any CPU.Build.0 = Release|Any CPU
		{0CEC2285-4938-4AD9-9B2A-DFE320DC653E}.Release|ARM.ActiveCfg = Release|Any CPU
		{0CEC2285-4938-4AD9-9B2A-DFE320DC653E}.Release|ARM.Build.0 = Release|Any CPU
		{0CEC2285-4938-4AD9-9B2A-DFE320DC653E}.Release|x64.ActiveCfg = Release|Any CPU
		{0CEC2285-4938-4AD9-9B2A-DFE320DC653E}.Release|x64.Build.0 = Release|Any CPU
		{0CEC2285-4938-4AD9-9B2A-DFE320DC653E}.Release|x86.ActiveCfg = Release|Any CPU
		{0CEC2285-4938-4AD9-9B2A-DFE320DC653E}.Release|x86.Build.0 = Release|Any CPU
		{66496B4C-5D52-44F3-9E1F-4B7A1D40068B}.Debug|Any CPU.ActiveCfg = Debug|Any CPU
		{66496B4C-5D52-44F3-9E1F-4B7A1D40068B}.Debug|Any CPU.Build.0 = Debug|Any CPU
		{66496B4C-5D52-44F3-9E1F-4B7A1D40068B}.Debug|ARM.ActiveCfg = Debug|Any CPU
		{66496B4C-5D52-44F3-9E1F-4B7A1D40068B}.Debug|ARM.Build.0 = Debug|Any CPU
		{66496B4C-5D52-44F3-9E1F-4B7A1D40068B}.Debug|x64.ActiveCfg = Debug|Any CPU
		{66496B4C-5D52-44F3-9E1F-4B7A1D40068B}.Debug|x64.Build.0 = Debug|Any CPU
		{66496B4C-5D52-44F3-9E1F-4B7A1D40068B}.Debug|x86.ActiveCfg = Debug|Any CPU
		{66496B4C-5D52-44F3-9E1F-4B7A1D40068B}.Debug|x86.Build.0 = Debug|Any CPU
		{66496B4C-5D52-44F3-9E1F-4B7A1D40068B}.Release|Any CPU.ActiveCfg = Release|Any CPU
		{66496B4C-5D52-44F3-9E1F-4B7A1D40068B}.Release|Any CPU.Build.0 = Release|Any CPU
		{66496B4C-5D52-44F3-9E1F-4B7A1D40068B}.Release|ARM.ActiveCfg = Release|Any CPU
		{66496B4C-5D52-44F3-9E1F-4B7A1D40068B}.Release|ARM.Build.0 = Release|Any CPU
		{66496B4C-5D52-44F3-9E1F-4B7A1D40068B}.Release|x64.ActiveCfg = Release|Any CPU
		{66496B4C-5D52-44F3-9E1F-4B7A1D40068B}.Release|x64.Build.0 = Release|Any CPU
		{66496B4C-5D52-44F3-9E1F-4B7A1D40068B}.Release|x86.ActiveCfg = Release|Any CPU
		{66496B4C-5D52-44F3-9E1F-4B7A1D40068B}.Release|x86.Build.0 = Release|Any CPU
		{ED1E6C95-3D5A-47B4-8921-B5D01EA87720}.Debug|Any CPU.ActiveCfg = Debug|Any CPU
		{ED1E6C95-3D5A-47B4-8921-B5D01EA87720}.Debug|Any CPU.Build.0 = Debug|Any CPU
		{ED1E6C95-3D5A-47B4-8921-B5D01EA87720}.Debug|ARM.ActiveCfg = Debug|Any CPU
		{ED1E6C95-3D5A-47B4-8921-B5D01EA87720}.Debug|ARM.Build.0 = Debug|Any CPU
		{ED1E6C95-3D5A-47B4-8921-B5D01EA87720}.Debug|x64.ActiveCfg = Debug|Any CPU
		{ED1E6C95-3D5A-47B4-8921-B5D01EA87720}.Debug|x64.Build.0 = Debug|Any CPU
		{ED1E6C95-3D5A-47B4-8921-B5D01EA87720}.Debug|x86.ActiveCfg = Debug|Any CPU
		{ED1E6C95-3D5A-47B4-8921-B5D01EA87720}.Debug|x86.Build.0 = Debug|Any CPU
		{ED1E6C95-3D5A-47B4-8921-B5D01EA87720}.Release|Any CPU.ActiveCfg = Release|Any CPU
		{ED1E6C95-3D5A-47B4-8921-B5D01EA87720}.Release|Any CPU.Build.0 = Release|Any CPU
		{ED1E6C95-3D5A-47B4-8921-B5D01EA87720}.Release|ARM.ActiveCfg = Release|Any CPU
		{ED1E6C95-3D5A-47B4-8921-B5D01EA87720}.Release|ARM.Build.0 = Release|Any CPU
		{ED1E6C95-3D5A-47B4-8921-B5D01EA87720}.Release|x64.ActiveCfg = Release|Any CPU
		{ED1E6C95-3D5A-47B4-8921-B5D01EA87720}.Release|x64.Build.0 = Release|Any CPU
		{ED1E6C95-3D5A-47B4-8921-B5D01EA87720}.Release|x86.ActiveCfg = Release|Any CPU
		{ED1E6C95-3D5A-47B4-8921-B5D01EA87720}.Release|x86.Build.0 = Release|Any CPU
		{9201795F-EE80-4885-BA89-DE4042CF94A5}.Debug|Any CPU.ActiveCfg = Debug|Any CPU
		{9201795F-EE80-4885-BA89-DE4042CF94A5}.Debug|Any CPU.Build.0 = Debug|Any CPU
		{9201795F-EE80-4885-BA89-DE4042CF94A5}.Debug|ARM.ActiveCfg = Debug|Any CPU
		{9201795F-EE80-4885-BA89-DE4042CF94A5}.Debug|ARM.Build.0 = Debug|Any CPU
		{9201795F-EE80-4885-BA89-DE4042CF94A5}.Debug|x64.ActiveCfg = Debug|Any CPU
		{9201795F-EE80-4885-BA89-DE4042CF94A5}.Debug|x64.Build.0 = Debug|Any CPU
		{9201795F-EE80-4885-BA89-DE4042CF94A5}.Debug|x86.ActiveCfg = Debug|Any CPU
		{9201795F-EE80-4885-BA89-DE4042CF94A5}.Debug|x86.Build.0 = Debug|Any CPU
		{9201795F-EE80-4885-BA89-DE4042CF94A5}.Release|Any CPU.ActiveCfg = Release|Any CPU
		{9201795F-EE80-4885-BA89-DE4042CF94A5}.Release|Any CPU.Build.0 = Release|Any CPU
		{9201795F-EE80-4885-BA89-DE4042CF94A5}.Release|ARM.ActiveCfg = Release|Any CPU
		{9201795F-EE80-4885-BA89-DE4042CF94A5}.Release|ARM.Build.0 = Release|Any CPU
		{9201795F-EE80-4885-BA89-DE4042CF94A5}.Release|x64.ActiveCfg = Release|Any CPU
		{9201795F-EE80-4885-BA89-DE4042CF94A5}.Release|x64.Build.0 = Release|Any CPU
		{9201795F-EE80-4885-BA89-DE4042CF94A5}.Release|x86.ActiveCfg = Release|Any CPU
		{9201795F-EE80-4885-BA89-DE4042CF94A5}.Release|x86.Build.0 = Release|Any CPU
		{1DEBFA12-04B3-4047-BD8A-EA7848EB48A9}.Debug|Any CPU.ActiveCfg = Debug|Any CPU
		{1DEBFA12-04B3-4047-BD8A-EA7848EB48A9}.Debug|Any CPU.Build.0 = Debug|Any CPU
		{1DEBFA12-04B3-4047-BD8A-EA7848EB48A9}.Debug|ARM.ActiveCfg = Debug|Any CPU
		{1DEBFA12-04B3-4047-BD8A-EA7848EB48A9}.Debug|ARM.Build.0 = Debug|Any CPU
		{1DEBFA12-04B3-4047-BD8A-EA7848EB48A9}.Debug|x64.ActiveCfg = Debug|Any CPU
		{1DEBFA12-04B3-4047-BD8A-EA7848EB48A9}.Debug|x64.Build.0 = Debug|Any CPU
		{1DEBFA12-04B3-4047-BD8A-EA7848EB48A9}.Debug|x86.ActiveCfg = Debug|Any CPU
		{1DEBFA12-04B3-4047-BD8A-EA7848EB48A9}.Debug|x86.Build.0 = Debug|Any CPU
		{1DEBFA12-04B3-4047-BD8A-EA7848EB48A9}.Release|Any CPU.ActiveCfg = Release|Any CPU
		{1DEBFA12-04B3-4047-BD8A-EA7848EB48A9}.Release|Any CPU.Build.0 = Release|Any CPU
		{1DEBFA12-04B3-4047-BD8A-EA7848EB48A9}.Release|ARM.ActiveCfg = Release|Any CPU
		{1DEBFA12-04B3-4047-BD8A-EA7848EB48A9}.Release|ARM.Build.0 = Release|Any CPU
		{1DEBFA12-04B3-4047-BD8A-EA7848EB48A9}.Release|x64.ActiveCfg = Release|Any CPU
		{1DEBFA12-04B3-4047-BD8A-EA7848EB48A9}.Release|x64.Build.0 = Release|Any CPU
		{1DEBFA12-04B3-4047-BD8A-EA7848EB48A9}.Release|x86.ActiveCfg = Release|Any CPU
		{1DEBFA12-04B3-4047-BD8A-EA7848EB48A9}.Release|x86.Build.0 = Release|Any CPU
		{453A22B2-3041-462D-A23C-22A4794F12F4}.Debug|Any CPU.ActiveCfg = Debug|Any CPU
		{453A22B2-3041-462D-A23C-22A4794F12F4}.Debug|Any CPU.Build.0 = Debug|Any CPU
		{453A22B2-3041-462D-A23C-22A4794F12F4}.Debug|ARM.ActiveCfg = Debug|Any CPU
		{453A22B2-3041-462D-A23C-22A4794F12F4}.Debug|ARM.Build.0 = Debug|Any CPU
		{453A22B2-3041-462D-A23C-22A4794F12F4}.Debug|x64.ActiveCfg = Debug|Any CPU
		{453A22B2-3041-462D-A23C-22A4794F12F4}.Debug|x64.Build.0 = Debug|Any CPU
		{453A22B2-3041-462D-A23C-22A4794F12F4}.Debug|x86.ActiveCfg = Debug|Any CPU
		{453A22B2-3041-462D-A23C-22A4794F12F4}.Debug|x86.Build.0 = Debug|Any CPU
		{453A22B2-3041-462D-A23C-22A4794F12F4}.Release|Any CPU.ActiveCfg = Release|Any CPU
		{453A22B2-3041-462D-A23C-22A4794F12F4}.Release|Any CPU.Build.0 = Release|Any CPU
		{453A22B2-3041-462D-A23C-22A4794F12F4}.Release|ARM.ActiveCfg = Release|Any CPU
		{453A22B2-3041-462D-A23C-22A4794F12F4}.Release|ARM.Build.0 = Release|Any CPU
		{453A22B2-3041-462D-A23C-22A4794F12F4}.Release|x64.ActiveCfg = Release|Any CPU
		{453A22B2-3041-462D-A23C-22A4794F12F4}.Release|x64.Build.0 = Release|Any CPU
		{453A22B2-3041-462D-A23C-22A4794F12F4}.Release|x86.ActiveCfg = Release|Any CPU
		{453A22B2-3041-462D-A23C-22A4794F12F4}.Release|x86.Build.0 = Release|Any CPU
		{AA44C5B3-EE91-4403-9CD8-108EB776004C}.Debug|Any CPU.ActiveCfg = Debug|Any CPU
		{AA44C5B3-EE91-4403-9CD8-108EB776004C}.Debug|Any CPU.Build.0 = Debug|Any CPU
		{AA44C5B3-EE91-4403-9CD8-108EB776004C}.Debug|ARM.ActiveCfg = Debug|Any CPU
		{AA44C5B3-EE91-4403-9CD8-108EB776004C}.Debug|ARM.Build.0 = Debug|Any CPU
		{AA44C5B3-EE91-4403-9CD8-108EB776004C}.Debug|x64.ActiveCfg = Debug|Any CPU
		{AA44C5B3-EE91-4403-9CD8-108EB776004C}.Debug|x64.Build.0 = Debug|Any CPU
		{AA44C5B3-EE91-4403-9CD8-108EB776004C}.Debug|x86.ActiveCfg = Debug|Any CPU
		{AA44C5B3-EE91-4403-9CD8-108EB776004C}.Debug|x86.Build.0 = Debug|Any CPU
		{AA44C5B3-EE91-4403-9CD8-108EB776004C}.Release|Any CPU.ActiveCfg = Release|Any CPU
		{AA44C5B3-EE91-4403-9CD8-108EB776004C}.Release|Any CPU.Build.0 = Release|Any CPU
		{AA44C5B3-EE91-4403-9CD8-108EB776004C}.Release|ARM.ActiveCfg = Release|Any CPU
		{AA44C5B3-EE91-4403-9CD8-108EB776004C}.Release|ARM.Build.0 = Release|Any CPU
		{AA44C5B3-EE91-4403-9CD8-108EB776004C}.Release|x64.ActiveCfg = Release|Any CPU
		{AA44C5B3-EE91-4403-9CD8-108EB776004C}.Release|x64.Build.0 = Release|Any CPU
		{AA44C5B3-EE91-4403-9CD8-108EB776004C}.Release|x86.ActiveCfg = Release|Any CPU
		{AA44C5B3-EE91-4403-9CD8-108EB776004C}.Release|x86.Build.0 = Release|Any CPU
		{DFC9CD3E-6B52-4894-B51B-2572EE5F11C9}.Debug|Any CPU.ActiveCfg = Debug|Any CPU
		{DFC9CD3E-6B52-4894-B51B-2572EE5F11C9}.Debug|Any CPU.Build.0 = Debug|Any CPU
		{DFC9CD3E-6B52-4894-B51B-2572EE5F11C9}.Debug|ARM.ActiveCfg = Debug|Any CPU
		{DFC9CD3E-6B52-4894-B51B-2572EE5F11C9}.Debug|ARM.Build.0 = Debug|Any CPU
		{DFC9CD3E-6B52-4894-B51B-2572EE5F11C9}.Debug|x64.ActiveCfg = Debug|Any CPU
		{DFC9CD3E-6B52-4894-B51B-2572EE5F11C9}.Debug|x64.Build.0 = Debug|Any CPU
		{DFC9CD3E-6B52-4894-B51B-2572EE5F11C9}.Debug|x86.ActiveCfg = Debug|Any CPU
		{DFC9CD3E-6B52-4894-B51B-2572EE5F11C9}.Debug|x86.Build.0 = Debug|Any CPU
		{DFC9CD3E-6B52-4894-B51B-2572EE5F11C9}.Release|Any CPU.ActiveCfg = Release|Any CPU
		{DFC9CD3E-6B52-4894-B51B-2572EE5F11C9}.Release|Any CPU.Build.0 = Release|Any CPU
		{DFC9CD3E-6B52-4894-B51B-2572EE5F11C9}.Release|ARM.ActiveCfg = Release|Any CPU
		{DFC9CD3E-6B52-4894-B51B-2572EE5F11C9}.Release|ARM.Build.0 = Release|Any CPU
		{DFC9CD3E-6B52-4894-B51B-2572EE5F11C9}.Release|x64.ActiveCfg = Release|Any CPU
		{DFC9CD3E-6B52-4894-B51B-2572EE5F11C9}.Release|x64.Build.0 = Release|Any CPU
		{DFC9CD3E-6B52-4894-B51B-2572EE5F11C9}.Release|x86.ActiveCfg = Release|Any CPU
		{DFC9CD3E-6B52-4894-B51B-2572EE5F11C9}.Release|x86.Build.0 = Release|Any CPU
	EndGlobalSection
	GlobalSection(SolutionProperties) = preSolution
		HideSolutionNode = FALSE
	EndGlobalSection
	GlobalSection(NestedProjects) = preSolution
		{02CED854-0095-44E7-AFF2-5DA7ED68CF0C} = {84CA58A6-0FFD-43BD-B120-554AC41877C8}
		{978C1755-0E22-47A2-AB8B-81BB7DC26322} = {84CA58A6-0FFD-43BD-B120-554AC41877C8}
		{FFB77627-3F3F-4A83-9285-78BFCE3C9C51} = {84CA58A6-0FFD-43BD-B120-554AC41877C8}
		{FDCB7D92-8779-4738-8549-95E1191D06C9} = {84CA58A6-0FFD-43BD-B120-554AC41877C8}
		{FE08613C-E9BC-4623-95FB-9BF41FC35C2A} = {84CA58A6-0FFD-43BD-B120-554AC41877C8}
		{B3C90B34-C88D-4F75-B66C-3001BBD8C93A} = {C0F38DFE-38EA-4F1C-A5EA-80FD985F3A96}
		{CCAA4F00-6E65-4448-9FF4-769BF02766B6} = {C0F38DFE-38EA-4F1C-A5EA-80FD985F3A96}
		{B933F97E-55D2-4525-B3A3-5E369E44FF23} = {C0F38DFE-38EA-4F1C-A5EA-80FD985F3A96}
		{0CEC2285-4938-4AD9-9B2A-DFE320DC653E} = {C0F38DFE-38EA-4F1C-A5EA-80FD985F3A96}
		{66496B4C-5D52-44F3-9E1F-4B7A1D40068B} = {C0F38DFE-38EA-4F1C-A5EA-80FD985F3A96}
		{ED1E6C95-3D5A-47B4-8921-B5D01EA87720} = {C0F38DFE-38EA-4F1C-A5EA-80FD985F3A96}
		{9201795F-EE80-4885-BA89-DE4042CF94A5} = {C0F38DFE-38EA-4F1C-A5EA-80FD985F3A96}
		{1DEBFA12-04B3-4047-BD8A-EA7848EB48A9} = {C0F38DFE-38EA-4F1C-A5EA-80FD985F3A96}
		{453A22B2-3041-462D-A23C-22A4794F12F4} = {C0F38DFE-38EA-4F1C-A5EA-80FD985F3A96}
		{AA44C5B3-EE91-4403-9CD8-108EB776004C} = {C0F38DFE-38EA-4F1C-A5EA-80FD985F3A96}
		{DFC9CD3E-6B52-4894-B51B-2572EE5F11C9} = {C0F38DFE-38EA-4F1C-A5EA-80FD985F3A96}
	EndGlobalSection
	GlobalSection(ExtensibilityGlobals) = postSolution
		SolutionGuid = {2A7AF30A-06E9-46C0-93DC-9CEBA51FB959}
	EndGlobalSection
EndGlobal
