
Microsoft Visual Studio Solution File, Format Version 12.00
# Visual Studio 15
VisualStudioVersion = 15.0.27130.2036
MinimumVisualStudioVersion = 10.0.40219.1
Project("{2150E333-8FDC-42A3-9474-1A3956D46DE8}") = "test", "test", "{84CA58A6-0FFD-43BD-B120-554AC41877C8}"
EndProject
Project("{FAE04EC0-301F-11D3-BF4B-00C04F79EFBC}") = "SCAS.UWP", "SCAS\SCAS.UWP\SCAS.UWP.csproj", "{1DFF5834-6A66-4A27-893F-7A58B65DBDF6}"
EndProject
Project("{9A19103F-16F7-4668-BE54-9A1E7A4F7556}") = "SCAS", "SCAS\SCAS\SCAS.csproj", "{E681D649-CC35-409C-A4C5-6446D05B2D05}"
EndProject
Project("{FAE04EC0-301F-11D3-BF4B-00C04F79EFBC}") = "SSUtils", "SSUtils\SSUtils.csproj", "{E03FA6C1-FFB5-4BBF-B82E-EA4E62BA25A9}"
EndProject
Project("{FAE04EC0-301F-11D3-BF4B-00C04F79EFBC}") = "SCASBasic", "SCASBasic\SCASBasic.csproj", "{315E7840-B08E-4018-A951-EAD289BFB606}"
EndProject
Project("{FAE04EC0-301F-11D3-BF4B-00C04F79EFBC}") = "EntryBlankModule", "EntryBlankModule\EntryBlankModule.csproj", "{BEBCC8C3-15C0-4CFB-9092-6942B94D6CAA}"
EndProject
Project("{FAE04EC0-301F-11D3-BF4B-00C04F79EFBC}") = "CompetitionConfigurationModule", "CompetitionConfigurationModule\CompetitionConfigurationModule.csproj", "{CCAD52FF-0CD7-48F1-8C3F-8F26F8DCABAF}"
EndProject
Project("{FAE04EC0-301F-11D3-BF4B-00C04F79EFBC}") = "CompetitionDataModule", "CompetitionDataModule\CompetitionDataModule.csproj", "{C829CBC8-299E-432A-B9B7-EDEC76C7B80F}"
EndProject
Project("{FAE04EC0-301F-11D3-BF4B-00C04F79EFBC}") = "DocumentGeneratorModule", "DocumentGeneratorModule\DocumentGeneratorModule.csproj", "{47A67DFE-5568-4C1D-B544-F19A1DE0EB32}"
EndProject
Project("{FAE04EC0-301F-11D3-BF4B-00C04F79EFBC}") = "TestConfigurationModule", "test\TestConfigurationModule\TestConfigurationModule.csproj", "{7533F07F-277C-46B5-9EC2-701B525C1615}"
EndProject
Project("{FAE04EC0-301F-11D3-BF4B-00C04F79EFBC}") = "FreshmanCupConfigurationGenerator", "test\FreshmanCupConfigurationGenerator\FreshmanCupConfigurationGenerator.csproj", "{384670F9-44A4-46B1-9916-1BC76B03AD1A}"
EndProject
Project("{FAE04EC0-301F-11D3-BF4B-00C04F79EFBC}") = "IntercollegeCupConfigurationGenerator", "test\IntercollegeCupConfigurationGenerator\IntercollegeCupConfigurationGenerator.csproj", "{7656CC81-D44D-44C3-A38A-FC96E07C15FA}"
EndProject
Project("{9A19103F-16F7-4668-BE54-9A1E7A4F7556}") = "TestDataModule", "test\TestDataModule\TestDataModule.csproj", "{647BE3BA-2351-4A43-B0D3-19CCBCEFE1D4}"
EndProject
Project("{9A19103F-16F7-4668-BE54-9A1E7A4F7556}") = "TestEntryBlankModule", "test\TestEntryBlankModule\TestEntryBlankModule.csproj", "{3DD6DCC1-397A-4229-B203-8E58E979EDE1}"
EndProject
Global
	GlobalSection(SolutionConfigurationPlatforms) = preSolution
		Debug|Any CPU = Debug|Any CPU
		Debug|ARM = Debug|ARM
		Debug|x64 = Debug|x64
		Debug|x86 = Debug|x86
		Release|Any CPU = Release|Any CPU
		Release|ARM = Release|ARM
		Release|x64 = Release|x64
		Release|x86 = Release|x86
	EndGlobalSection
	GlobalSection(ProjectConfigurationPlatforms) = postSolution
		{1DFF5834-6A66-4A27-893F-7A58B65DBDF6}.Debug|Any CPU.ActiveCfg = Debug|x86
		{1DFF5834-6A66-4A27-893F-7A58B65DBDF6}.Debug|ARM.ActiveCfg = Debug|ARM
		{1DFF5834-6A66-4A27-893F-7A58B65DBDF6}.Debug|ARM.Build.0 = Debug|ARM
		{1DFF5834-6A66-4A27-893F-7A58B65DBDF6}.Debug|ARM.Deploy.0 = Debug|ARM
		{1DFF5834-6A66-4A27-893F-7A58B65DBDF6}.Debug|x64.ActiveCfg = Debug|x64
		{1DFF5834-6A66-4A27-893F-7A58B65DBDF6}.Debug|x64.Build.0 = Debug|x64
		{1DFF5834-6A66-4A27-893F-7A58B65DBDF6}.Debug|x64.Deploy.0 = Debug|x64
		{1DFF5834-6A66-4A27-893F-7A58B65DBDF6}.Debug|x86.ActiveCfg = Debug|x86
		{1DFF5834-6A66-4A27-893F-7A58B65DBDF6}.Debug|x86.Build.0 = Debug|x86
		{1DFF5834-6A66-4A27-893F-7A58B65DBDF6}.Debug|x86.Deploy.0 = Debug|x86
		{1DFF5834-6A66-4A27-893F-7A58B65DBDF6}.Release|Any CPU.ActiveCfg = Release|x86
		{1DFF5834-6A66-4A27-893F-7A58B65DBDF6}.Release|ARM.ActiveCfg = Release|ARM
		{1DFF5834-6A66-4A27-893F-7A58B65DBDF6}.Release|ARM.Build.0 = Release|ARM
		{1DFF5834-6A66-4A27-893F-7A58B65DBDF6}.Release|ARM.Deploy.0 = Release|ARM
		{1DFF5834-6A66-4A27-893F-7A58B65DBDF6}.Release|x64.ActiveCfg = Release|x64
		{1DFF5834-6A66-4A27-893F-7A58B65DBDF6}.Release|x64.Build.0 = Release|x64
		{1DFF5834-6A66-4A27-893F-7A58B65DBDF6}.Release|x64.Deploy.0 = Release|x64
		{1DFF5834-6A66-4A27-893F-7A58B65DBDF6}.Release|x86.ActiveCfg = Release|x86
		{1DFF5834-6A66-4A27-893F-7A58B65DBDF6}.Release|x86.Build.0 = Release|x86
		{1DFF5834-6A66-4A27-893F-7A58B65DBDF6}.Release|x86.Deploy.0 = Release|x86
		{E681D649-CC35-409C-A4C5-6446D05B2D05}.Debug|Any CPU.ActiveCfg = Debug|Any CPU
		{E681D649-CC35-409C-A4C5-6446D05B2D05}.Debug|Any CPU.Build.0 = Debug|Any CPU
		{E681D649-CC35-409C-A4C5-6446D05B2D05}.Debug|ARM.ActiveCfg = Debug|Any CPU
		{E681D649-CC35-409C-A4C5-6446D05B2D05}.Debug|ARM.Build.0 = Debug|Any CPU
		{E681D649-CC35-409C-A4C5-6446D05B2D05}.Debug|x64.ActiveCfg = Debug|Any CPU
		{E681D649-CC35-409C-A4C5-6446D05B2D05}.Debug|x64.Build.0 = Debug|Any CPU
		{E681D649-CC35-409C-A4C5-6446D05B2D05}.Debug|x86.ActiveCfg = Debug|Any CPU
		{E681D649-CC35-409C-A4C5-6446D05B2D05}.Debug|x86.Build.0 = Debug|Any CPU
		{E681D649-CC35-409C-A4C5-6446D05B2D05}.Release|Any CPU.ActiveCfg = Release|Any CPU
		{E681D649-CC35-409C-A4C5-6446D05B2D05}.Release|Any CPU.Build.0 = Release|Any CPU
		{E681D649-CC35-409C-A4C5-6446D05B2D05}.Release|ARM.ActiveCfg = Release|Any CPU
		{E681D649-CC35-409C-A4C5-6446D05B2D05}.Release|ARM.Build.0 = Release|Any CPU
		{E681D649-CC35-409C-A4C5-6446D05B2D05}.Release|x64.ActiveCfg = Release|Any CPU
		{E681D649-CC35-409C-A4C5-6446D05B2D05}.Release|x64.Build.0 = Release|Any CPU
		{E681D649-CC35-409C-A4C5-6446D05B2D05}.Release|x86.ActiveCfg = Release|Any CPU
		{E681D649-CC35-409C-A4C5-6446D05B2D05}.Release|x86.Build.0 = Release|Any CPU
		{E03FA6C1-FFB5-4BBF-B82E-EA4E62BA25A9}.Debug|Any CPU.ActiveCfg = Debug|Any CPU
		{E03FA6C1-FFB5-4BBF-B82E-EA4E62BA25A9}.Debug|Any CPU.Build.0 = Debug|Any CPU
		{E03FA6C1-FFB5-4BBF-B82E-EA4E62BA25A9}.Debug|ARM.ActiveCfg = Debug|Any CPU
		{E03FA6C1-FFB5-4BBF-B82E-EA4E62BA25A9}.Debug|ARM.Build.0 = Debug|Any CPU
		{E03FA6C1-FFB5-4BBF-B82E-EA4E62BA25A9}.Debug|x64.ActiveCfg = Debug|Any CPU
		{E03FA6C1-FFB5-4BBF-B82E-EA4E62BA25A9}.Debug|x64.Build.0 = Debug|Any CPU
		{E03FA6C1-FFB5-4BBF-B82E-EA4E62BA25A9}.Debug|x86.ActiveCfg = Debug|Any CPU
		{E03FA6C1-FFB5-4BBF-B82E-EA4E62BA25A9}.Debug|x86.Build.0 = Debug|Any CPU
		{E03FA6C1-FFB5-4BBF-B82E-EA4E62BA25A9}.Release|Any CPU.ActiveCfg = Release|Any CPU
		{E03FA6C1-FFB5-4BBF-B82E-EA4E62BA25A9}.Release|Any CPU.Build.0 = Release|Any CPU
		{E03FA6C1-FFB5-4BBF-B82E-EA4E62BA25A9}.Release|ARM.ActiveCfg = Release|Any CPU
		{E03FA6C1-FFB5-4BBF-B82E-EA4E62BA25A9}.Release|ARM.Build.0 = Release|Any CPU
		{E03FA6C1-FFB5-4BBF-B82E-EA4E62BA25A9}.Release|x64.ActiveCfg = Release|Any CPU
		{E03FA6C1-FFB5-4BBF-B82E-EA4E62BA25A9}.Release|x64.Build.0 = Release|Any CPU
		{E03FA6C1-FFB5-4BBF-B82E-EA4E62BA25A9}.Release|x86.ActiveCfg = Release|Any CPU
		{E03FA6C1-FFB5-4BBF-B82E-EA4E62BA25A9}.Release|x86.Build.0 = Release|Any CPU
		{315E7840-B08E-4018-A951-EAD289BFB606}.Debug|Any CPU.ActiveCfg = Debug|Any CPU
		{315E7840-B08E-4018-A951-EAD289BFB606}.Debug|Any CPU.Build.0 = Debug|Any CPU
		{315E7840-B08E-4018-A951-EAD289BFB606}.Debug|ARM.ActiveCfg = Debug|Any CPU
		{315E7840-B08E-4018-A951-EAD289BFB606}.Debug|ARM.Build.0 = Debug|Any CPU
		{315E7840-B08E-4018-A951-EAD289BFB606}.Debug|x64.ActiveCfg = Debug|Any CPU
		{315E7840-B08E-4018-A951-EAD289BFB606}.Debug|x64.Build.0 = Debug|Any CPU
		{315E7840-B08E-4018-A951-EAD289BFB606}.Debug|x86.ActiveCfg = Debug|Any CPU
		{315E7840-B08E-4018-A951-EAD289BFB606}.Debug|x86.Build.0 = Debug|Any CPU
		{315E7840-B08E-4018-A951-EAD289BFB606}.Release|Any CPU.ActiveCfg = Release|Any CPU
		{315E7840-B08E-4018-A951-EAD289BFB606}.Release|Any CPU.Build.0 = Release|Any CPU
		{315E7840-B08E-4018-A951-EAD289BFB606}.Release|ARM.ActiveCfg = Release|Any CPU
		{315E7840-B08E-4018-A951-EAD289BFB606}.Release|ARM.Build.0 = Release|Any CPU
		{315E7840-B08E-4018-A951-EAD289BFB606}.Release|x64.ActiveCfg = Release|Any CPU
		{315E7840-B08E-4018-A951-EAD289BFB606}.Release|x64.Build.0 = Release|Any CPU
		{315E7840-B08E-4018-A951-EAD289BFB606}.Release|x86.ActiveCfg = Release|Any CPU
		{315E7840-B08E-4018-A951-EAD289BFB606}.Release|x86.Build.0 = Release|Any CPU
		{BEBCC8C3-15C0-4CFB-9092-6942B94D6CAA}.Debug|Any CPU.ActiveCfg = Debug|Any CPU
		{BEBCC8C3-15C0-4CFB-9092-6942B94D6CAA}.Debug|Any CPU.Build.0 = Debug|Any CPU
		{BEBCC8C3-15C0-4CFB-9092-6942B94D6CAA}.Debug|ARM.ActiveCfg = Debug|Any CPU
		{BEBCC8C3-15C0-4CFB-9092-6942B94D6CAA}.Debug|ARM.Build.0 = Debug|Any CPU
		{BEBCC8C3-15C0-4CFB-9092-6942B94D6CAA}.Debug|x64.ActiveCfg = Debug|Any CPU
		{BEBCC8C3-15C0-4CFB-9092-6942B94D6CAA}.Debug|x64.Build.0 = Debug|Any CPU
		{BEBCC8C3-15C0-4CFB-9092-6942B94D6CAA}.Debug|x86.ActiveCfg = Debug|Any CPU
		{BEBCC8C3-15C0-4CFB-9092-6942B94D6CAA}.Debug|x86.Build.0 = Debug|Any CPU
		{BEBCC8C3-15C0-4CFB-9092-6942B94D6CAA}.Release|Any CPU.ActiveCfg = Release|Any CPU
		{BEBCC8C3-15C0-4CFB-9092-6942B94D6CAA}.Release|Any CPU.Build.0 = Release|Any CPU
		{BEBCC8C3-15C0-4CFB-9092-6942B94D6CAA}.Release|ARM.ActiveCfg = Release|Any CPU
		{BEBCC8C3-15C0-4CFB-9092-6942B94D6CAA}.Release|ARM.Build.0 = Release|Any CPU
		{BEBCC8C3-15C0-4CFB-9092-6942B94D6CAA}.Release|x64.ActiveCfg = Release|Any CPU
		{BEBCC8C3-15C0-4CFB-9092-6942B94D6CAA}.Release|x64.Build.0 = Release|Any CPU
		{BEBCC8C3-15C0-4CFB-9092-6942B94D6CAA}.Release|x86.ActiveCfg = Release|Any CPU
		{BEBCC8C3-15C0-4CFB-9092-6942B94D6CAA}.Release|x86.Build.0 = Release|Any CPU
		{CCAD52FF-0CD7-48F1-8C3F-8F26F8DCABAF}.Debug|Any CPU.ActiveCfg = Debug|Any CPU
		{CCAD52FF-0CD7-48F1-8C3F-8F26F8DCABAF}.Debug|Any CPU.Build.0 = Debug|Any CPU
		{CCAD52FF-0CD7-48F1-8C3F-8F26F8DCABAF}.Debug|ARM.ActiveCfg = Debug|Any CPU
		{CCAD52FF-0CD7-48F1-8C3F-8F26F8DCABAF}.Debug|ARM.Build.0 = Debug|Any CPU
		{CCAD52FF-0CD7-48F1-8C3F-8F26F8DCABAF}.Debug|x64.ActiveCfg = Debug|Any CPU
		{CCAD52FF-0CD7-48F1-8C3F-8F26F8DCABAF}.Debug|x64.Build.0 = Debug|Any CPU
		{CCAD52FF-0CD7-48F1-8C3F-8F26F8DCABAF}.Debug|x86.ActiveCfg = Debug|Any CPU
		{CCAD52FF-0CD7-48F1-8C3F-8F26F8DCABAF}.Debug|x86.Build.0 = Debug|Any CPU
		{CCAD52FF-0CD7-48F1-8C3F-8F26F8DCABAF}.Release|Any CPU.ActiveCfg = Release|Any CPU
		{CCAD52FF-0CD7-48F1-8C3F-8F26F8DCABAF}.Release|Any CPU.Build.0 = Release|Any CPU
		{CCAD52FF-0CD7-48F1-8C3F-8F26F8DCABAF}.Release|ARM.ActiveCfg = Release|Any CPU
		{CCAD52FF-0CD7-48F1-8C3F-8F26F8DCABAF}.Release|ARM.Build.0 = Release|Any CPU
		{CCAD52FF-0CD7-48F1-8C3F-8F26F8DCABAF}.Release|x64.ActiveCfg = Release|Any CPU
		{CCAD52FF-0CD7-48F1-8C3F-8F26F8DCABAF}.Release|x64.Build.0 = Release|Any CPU
		{CCAD52FF-0CD7-48F1-8C3F-8F26F8DCABAF}.Release|x86.ActiveCfg = Release|Any CPU
		{CCAD52FF-0CD7-48F1-8C3F-8F26F8DCABAF}.Release|x86.Build.0 = Release|Any CPU
		{C829CBC8-299E-432A-B9B7-EDEC76C7B80F}.Debug|Any CPU.ActiveCfg = Debug|Any CPU
		{C829CBC8-299E-432A-B9B7-EDEC76C7B80F}.Debug|Any CPU.Build.0 = Debug|Any CPU
		{C829CBC8-299E-432A-B9B7-EDEC76C7B80F}.Debug|ARM.ActiveCfg = Debug|Any CPU
		{C829CBC8-299E-432A-B9B7-EDEC76C7B80F}.Debug|ARM.Build.0 = Debug|Any CPU
		{C829CBC8-299E-432A-B9B7-EDEC76C7B80F}.Debug|x64.ActiveCfg = Debug|Any CPU
		{C829CBC8-299E-432A-B9B7-EDEC76C7B80F}.Debug|x64.Build.0 = Debug|Any CPU
		{C829CBC8-299E-432A-B9B7-EDEC76C7B80F}.Debug|x86.ActiveCfg = Debug|Any CPU
		{C829CBC8-299E-432A-B9B7-EDEC76C7B80F}.Debug|x86.Build.0 = Debug|Any CPU
		{C829CBC8-299E-432A-B9B7-EDEC76C7B80F}.Release|Any CPU.ActiveCfg = Release|Any CPU
		{C829CBC8-299E-432A-B9B7-EDEC76C7B80F}.Release|Any CPU.Build.0 = Release|Any CPU
		{C829CBC8-299E-432A-B9B7-EDEC76C7B80F}.Release|ARM.ActiveCfg = Release|Any CPU
		{C829CBC8-299E-432A-B9B7-EDEC76C7B80F}.Release|ARM.Build.0 = Release|Any CPU
		{C829CBC8-299E-432A-B9B7-EDEC76C7B80F}.Release|x64.ActiveCfg = Release|Any CPU
		{C829CBC8-299E-432A-B9B7-EDEC76C7B80F}.Release|x64.Build.0 = Release|Any CPU
		{C829CBC8-299E-432A-B9B7-EDEC76C7B80F}.Release|x86.ActiveCfg = Release|Any CPU
		{C829CBC8-299E-432A-B9B7-EDEC76C7B80F}.Release|x86.Build.0 = Release|Any CPU
		{47A67DFE-5568-4C1D-B544-F19A1DE0EB32}.Debug|Any CPU.ActiveCfg = Debug|Any CPU
		{47A67DFE-5568-4C1D-B544-F19A1DE0EB32}.Debug|Any CPU.Build.0 = Debug|Any CPU
		{47A67DFE-5568-4C1D-B544-F19A1DE0EB32}.Debug|ARM.ActiveCfg = Debug|Any CPU
		{47A67DFE-5568-4C1D-B544-F19A1DE0EB32}.Debug|ARM.Build.0 = Debug|Any CPU
		{47A67DFE-5568-4C1D-B544-F19A1DE0EB32}.Debug|x64.ActiveCfg = Debug|Any CPU
		{47A67DFE-5568-4C1D-B544-F19A1DE0EB32}.Debug|x64.Build.0 = Debug|Any CPU
		{47A67DFE-5568-4C1D-B544-F19A1DE0EB32}.Debug|x86.ActiveCfg = Debug|Any CPU
		{47A67DFE-5568-4C1D-B544-F19A1DE0EB32}.Debug|x86.Build.0 = Debug|Any CPU
		{47A67DFE-5568-4C1D-B544-F19A1DE0EB32}.Release|Any CPU.ActiveCfg = Release|Any CPU
		{47A67DFE-5568-4C1D-B544-F19A1DE0EB32}.Release|Any CPU.Build.0 = Release|Any CPU
		{47A67DFE-5568-4C1D-B544-F19A1DE0EB32}.Release|ARM.ActiveCfg = Release|Any CPU
		{47A67DFE-5568-4C1D-B544-F19A1DE0EB32}.Release|ARM.Build.0 = Release|Any CPU
		{47A67DFE-5568-4C1D-B544-F19A1DE0EB32}.Release|x64.ActiveCfg = Release|Any CPU
		{47A67DFE-5568-4C1D-B544-F19A1DE0EB32}.Release|x64.Build.0 = Release|Any CPU
		{47A67DFE-5568-4C1D-B544-F19A1DE0EB32}.Release|x86.ActiveCfg = Release|Any CPU
		{47A67DFE-5568-4C1D-B544-F19A1DE0EB32}.Release|x86.Build.0 = Release|Any CPU
		{7533F07F-277C-46B5-9EC2-701B525C1615}.Debug|Any CPU.ActiveCfg = Debug|Any CPU
		{7533F07F-277C-46B5-9EC2-701B525C1615}.Debug|Any CPU.Build.0 = Debug|Any CPU
		{7533F07F-277C-46B5-9EC2-701B525C1615}.Debug|ARM.ActiveCfg = Debug|Any CPU
		{7533F07F-277C-46B5-9EC2-701B525C1615}.Debug|ARM.Build.0 = Debug|Any CPU
		{7533F07F-277C-46B5-9EC2-701B525C1615}.Debug|x64.ActiveCfg = Debug|Any CPU
		{7533F07F-277C-46B5-9EC2-701B525C1615}.Debug|x64.Build.0 = Debug|Any CPU
		{7533F07F-277C-46B5-9EC2-701B525C1615}.Debug|x86.ActiveCfg = Debug|Any CPU
		{7533F07F-277C-46B5-9EC2-701B525C1615}.Debug|x86.Build.0 = Debug|Any CPU
		{7533F07F-277C-46B5-9EC2-701B525C1615}.Release|Any CPU.ActiveCfg = Release|Any CPU
		{7533F07F-277C-46B5-9EC2-701B525C1615}.Release|Any CPU.Build.0 = Release|Any CPU
		{7533F07F-277C-46B5-9EC2-701B525C1615}.Release|ARM.ActiveCfg = Release|Any CPU
		{7533F07F-277C-46B5-9EC2-701B525C1615}.Release|ARM.Build.0 = Release|Any CPU
		{7533F07F-277C-46B5-9EC2-701B525C1615}.Release|x64.ActiveCfg = Release|Any CPU
		{7533F07F-277C-46B5-9EC2-701B525C1615}.Release|x64.Build.0 = Release|Any CPU
		{7533F07F-277C-46B5-9EC2-701B525C1615}.Release|x86.ActiveCfg = Release|Any CPU
		{7533F07F-277C-46B5-9EC2-701B525C1615}.Release|x86.Build.0 = Release|Any CPU
		{384670F9-44A4-46B1-9916-1BC76B03AD1A}.Debug|Any CPU.ActiveCfg = Debug|Any CPU
		{384670F9-44A4-46B1-9916-1BC76B03AD1A}.Debug|Any CPU.Build.0 = Debug|Any CPU
		{384670F9-44A4-46B1-9916-1BC76B03AD1A}.Debug|ARM.ActiveCfg = Debug|Any CPU
		{384670F9-44A4-46B1-9916-1BC76B03AD1A}.Debug|ARM.Build.0 = Debug|Any CPU
		{384670F9-44A4-46B1-9916-1BC76B03AD1A}.Debug|x64.ActiveCfg = Debug|Any CPU
		{384670F9-44A4-46B1-9916-1BC76B03AD1A}.Debug|x64.Build.0 = Debug|Any CPU
		{384670F9-44A4-46B1-9916-1BC76B03AD1A}.Debug|x86.ActiveCfg = Debug|Any CPU
		{384670F9-44A4-46B1-9916-1BC76B03AD1A}.Debug|x86.Build.0 = Debug|Any CPU
		{384670F9-44A4-46B1-9916-1BC76B03AD1A}.Release|Any CPU.ActiveCfg = Release|Any CPU
		{384670F9-44A4-46B1-9916-1BC76B03AD1A}.Release|Any CPU.Build.0 = Release|Any CPU
		{384670F9-44A4-46B1-9916-1BC76B03AD1A}.Release|ARM.ActiveCfg = Release|Any CPU
		{384670F9-44A4-46B1-9916-1BC76B03AD1A}.Release|ARM.Build.0 = Release|Any CPU
		{384670F9-44A4-46B1-9916-1BC76B03AD1A}.Release|x64.ActiveCfg = Release|Any CPU
		{384670F9-44A4-46B1-9916-1BC76B03AD1A}.Release|x64.Build.0 = Release|Any CPU
		{384670F9-44A4-46B1-9916-1BC76B03AD1A}.Release|x86.ActiveCfg = Release|Any CPU
		{384670F9-44A4-46B1-9916-1BC76B03AD1A}.Release|x86.Build.0 = Release|Any CPU
		{7656CC81-D44D-44C3-A38A-FC96E07C15FA}.Debug|Any CPU.ActiveCfg = Debug|Any CPU
		{7656CC81-D44D-44C3-A38A-FC96E07C15FA}.Debug|Any CPU.Build.0 = Debug|Any CPU
		{7656CC81-D44D-44C3-A38A-FC96E07C15FA}.Debug|ARM.ActiveCfg = Debug|Any CPU
		{7656CC81-D44D-44C3-A38A-FC96E07C15FA}.Debug|ARM.Build.0 = Debug|Any CPU
		{7656CC81-D44D-44C3-A38A-FC96E07C15FA}.Debug|x64.ActiveCfg = Debug|Any CPU
		{7656CC81-D44D-44C3-A38A-FC96E07C15FA}.Debug|x64.Build.0 = Debug|Any CPU
		{7656CC81-D44D-44C3-A38A-FC96E07C15FA}.Debug|x86.ActiveCfg = Debug|Any CPU
		{7656CC81-D44D-44C3-A38A-FC96E07C15FA}.Debug|x86.Build.0 = Debug|Any CPU
		{7656CC81-D44D-44C3-A38A-FC96E07C15FA}.Release|Any CPU.ActiveCfg = Release|Any CPU
		{7656CC81-D44D-44C3-A38A-FC96E07C15FA}.Release|Any CPU.Build.0 = Release|Any CPU
		{7656CC81-D44D-44C3-A38A-FC96E07C15FA}.Release|ARM.ActiveCfg = Release|Any CPU
		{7656CC81-D44D-44C3-A38A-FC96E07C15FA}.Release|ARM.Build.0 = Release|Any CPU
		{7656CC81-D44D-44C3-A38A-FC96E07C15FA}.Release|x64.ActiveCfg = Release|Any CPU
		{7656CC81-D44D-44C3-A38A-FC96E07C15FA}.Release|x64.Build.0 = Release|Any CPU
		{7656CC81-D44D-44C3-A38A-FC96E07C15FA}.Release|x86.ActiveCfg = Release|Any CPU
		{7656CC81-D44D-44C3-A38A-FC96E07C15FA}.Release|x86.Build.0 = Release|Any CPU
		{647BE3BA-2351-4A43-B0D3-19CCBCEFE1D4}.Debug|Any CPU.ActiveCfg = Debug|Any CPU
		{647BE3BA-2351-4A43-B0D3-19CCBCEFE1D4}.Debug|Any CPU.Build.0 = Debug|Any CPU
		{647BE3BA-2351-4A43-B0D3-19CCBCEFE1D4}.Debug|ARM.ActiveCfg = Debug|Any CPU
		{647BE3BA-2351-4A43-B0D3-19CCBCEFE1D4}.Debug|ARM.Build.0 = Debug|Any CPU
		{647BE3BA-2351-4A43-B0D3-19CCBCEFE1D4}.Debug|x64.ActiveCfg = Debug|Any CPU
		{647BE3BA-2351-4A43-B0D3-19CCBCEFE1D4}.Debug|x64.Build.0 = Debug|Any CPU
		{647BE3BA-2351-4A43-B0D3-19CCBCEFE1D4}.Debug|x86.ActiveCfg = Debug|Any CPU
		{647BE3BA-2351-4A43-B0D3-19CCBCEFE1D4}.Debug|x86.Build.0 = Debug|Any CPU
		{647BE3BA-2351-4A43-B0D3-19CCBCEFE1D4}.Release|Any CPU.ActiveCfg = Release|Any CPU
		{647BE3BA-2351-4A43-B0D3-19CCBCEFE1D4}.Release|Any CPU.Build.0 = Release|Any CPU
		{647BE3BA-2351-4A43-B0D3-19CCBCEFE1D4}.Release|ARM.ActiveCfg = Release|Any CPU
		{647BE3BA-2351-4A43-B0D3-19CCBCEFE1D4}.Release|ARM.Build.0 = Release|Any CPU
		{647BE3BA-2351-4A43-B0D3-19CCBCEFE1D4}.Release|x64.ActiveCfg = Release|Any CPU
		{647BE3BA-2351-4A43-B0D3-19CCBCEFE1D4}.Release|x64.Build.0 = Release|Any CPU
		{647BE3BA-2351-4A43-B0D3-19CCBCEFE1D4}.Release|x86.ActiveCfg = Release|Any CPU
		{647BE3BA-2351-4A43-B0D3-19CCBCEFE1D4}.Release|x86.Build.0 = Release|Any CPU
		{3DD6DCC1-397A-4229-B203-8E58E979EDE1}.Debug|Any CPU.ActiveCfg = Debug|Any CPU
		{3DD6DCC1-397A-4229-B203-8E58E979EDE1}.Debug|Any CPU.Build.0 = Debug|Any CPU
		{3DD6DCC1-397A-4229-B203-8E58E979EDE1}.Debug|ARM.ActiveCfg = Debug|Any CPU
		{3DD6DCC1-397A-4229-B203-8E58E979EDE1}.Debug|ARM.Build.0 = Debug|Any CPU
		{3DD6DCC1-397A-4229-B203-8E58E979EDE1}.Debug|x64.ActiveCfg = Debug|Any CPU
		{3DD6DCC1-397A-4229-B203-8E58E979EDE1}.Debug|x64.Build.0 = Debug|Any CPU
		{3DD6DCC1-397A-4229-B203-8E58E979EDE1}.Debug|x86.ActiveCfg = Debug|Any CPU
		{3DD6DCC1-397A-4229-B203-8E58E979EDE1}.Debug|x86.Build.0 = Debug|Any CPU
		{3DD6DCC1-397A-4229-B203-8E58E979EDE1}.Release|Any CPU.ActiveCfg = Release|Any CPU
		{3DD6DCC1-397A-4229-B203-8E58E979EDE1}.Release|Any CPU.Build.0 = Release|Any CPU
		{3DD6DCC1-397A-4229-B203-8E58E979EDE1}.Release|ARM.ActiveCfg = Release|Any CPU
		{3DD6DCC1-397A-4229-B203-8E58E979EDE1}.Release|ARM.Build.0 = Release|Any CPU
		{3DD6DCC1-397A-4229-B203-8E58E979EDE1}.Release|x64.ActiveCfg = Release|Any CPU
		{3DD6DCC1-397A-4229-B203-8E58E979EDE1}.Release|x64.Build.0 = Release|Any CPU
		{3DD6DCC1-397A-4229-B203-8E58E979EDE1}.Release|x86.ActiveCfg = Release|Any CPU
		{3DD6DCC1-397A-4229-B203-8E58E979EDE1}.Release|x86.Build.0 = Release|Any CPU
	EndGlobalSection
	GlobalSection(SolutionProperties) = preSolution
		HideSolutionNode = FALSE
	EndGlobalSection
	GlobalSection(NestedProjects) = preSolution
		{7533F07F-277C-46B5-9EC2-701B525C1615} = {84CA58A6-0FFD-43BD-B120-554AC41877C8}
		{384670F9-44A4-46B1-9916-1BC76B03AD1A} = {84CA58A6-0FFD-43BD-B120-554AC41877C8}
		{7656CC81-D44D-44C3-A38A-FC96E07C15FA} = {84CA58A6-0FFD-43BD-B120-554AC41877C8}
		{647BE3BA-2351-4A43-B0D3-19CCBCEFE1D4} = {84CA58A6-0FFD-43BD-B120-554AC41877C8}
		{3DD6DCC1-397A-4229-B203-8E58E979EDE1} = {84CA58A6-0FFD-43BD-B120-554AC41877C8}
	EndGlobalSection
	GlobalSection(ExtensibilityGlobals) = postSolution
		SolutionGuid = {2A7AF30A-06E9-46C0-93DC-9CEBA51FB959}
	EndGlobalSection
EndGlobal
